
Microsoft Visual Studio Solution File, Format Version 12.00
# Visual Studio Version 16
VisualStudioVersion = 16.0.34031.81
MinimumVisualStudioVersion = 10.0.40219.1
Project("{2150E333-8FDC-42A3-9474-1A3956D46DE8}") = "Task0", "Task0", "{323846E3-3CD4-4988-8506-CAFB05F8DA9A}"
EndProject
Project("{FAE04EC0-301F-11D3-BF4B-00C04F79EFBC}") = "Tyuiu.SavitskyDA.Sprint1.Task0.V6", "Tyuiu.SavitskyDA.Sprint1.Task0.V6\Tyuiu.SavitskyDA.Sprint1.Task0.V6.csproj", "{18084F93-F9CA-4FF1-9751-F2E51D9AF13B}"
EndProject
Project("{FAE04EC0-301F-11D3-BF4B-00C04F79EFBC}") = "Tyuiu.SavitskyDA.Sprint1.Task0.V6.Lib", "Tyuiu.SavitskyDA.Sprint1.Task0.V6.Lib\Tyuiu.SavitskyDA.Sprint1.Task0.V6.Lib.csproj", "{86B3B751-5A1B-4207-968E-D6E614CB1361}"
EndProject
Project("{FAE04EC0-301F-11D3-BF4B-00C04F79EFBC}") = "Tyuiu.SavitskyDA.Sprint1.Task0.V6.Test", "Tyuiu.SavitskyDA.Sprint1.Task0.V6.Test\Tyuiu.SavitskyDA.Sprint1.Task0.V6.Test.csproj", "{3C142C1D-3DB6-4C4A-BAC7-DA24EE13CDD8}"
EndProject
Project("{2150E333-8FDC-42A3-9474-1A3956D46DE8}") = "Task1", "Task1", "{EA14FD03-415D-4042-B44E-CF690DAE1CBB}"
EndProject
Project("{FAE04EC0-301F-11D3-BF4B-00C04F79EFBC}") = "Tyuiu.SavitskyDA.Sprint1.Task1.V0", "Tyuiu.SavitskyDA.Sprint1.Task1.V0\Tyuiu.SavitskyDA.Sprint1.Task1.V0.csproj", "{2B892333-E948-45E7-A4C4-330CBF3A7180}"
EndProject
Project("{FAE04EC0-301F-11D3-BF4B-00C04F79EFBC}") = "Tyuiu.SavitskyDA.Sprint1.Task1.V0.Lib", "Tyuiu.SavitskyDA.Sprint1.Task1.V0.Lib\Tyuiu.SavitskyDA.Sprint1.Task1.V0.Lib.csproj", "{6618B58A-E4F7-4D77-B578-8BCF6C6CCEFC}"
EndProject
Project("{FAE04EC0-301F-11D3-BF4B-00C04F79EFBC}") = "Tyuiu.SavitskyDA.Sprint1.Task1.V0.Test", "Tyuiu.SavitskyDA.Sprint1.Task1.V0.Test\Tyuiu.SavitskyDA.Sprint1.Task1.V0.Test.csproj", "{873A1BB3-F37D-4B71-A7B9-25894E068123}"
EndProject
Project("{FAE04EC0-301F-11D3-BF4B-00C04F79EFBC}") = "Tyuiu.SavitskyDA.Sprint1.Task1.V6", "Tyuiu.SavitskyDA.Sprint1.Task1.V6\Tyuiu.SavitskyDA.Sprint1.Task1.V6.csproj", "{FEA6CB18-A482-46B7-9B27-248DA29E650E}"
EndProject
Project("{FAE04EC0-301F-11D3-BF4B-00C04F79EFBC}") = "Tyuiu.SavitskyDA.Sprint1.Task1.V6.Lib", "Tyuiu.SavitskyDA.Sprint1.Task1.V6.Lib\Tyuiu.SavitskyDA.Sprint1.Task1.V6.Lib.csproj", "{7366D875-81C7-4A3B-9995-E2A7340F47DB}"
EndProject
Project("{FAE04EC0-301F-11D3-BF4B-00C04F79EFBC}") = "Tyuiu.SavitskyDA.Sprint1.Task1.V6.Test", "Tyuiu.SavitskyDA.Sprint1.Task1.V6.Test\Tyuiu.SavitskyDA.Sprint1.Task1.V6.Test.csproj", "{D32B267C-E0BF-4838-956B-509594114E31}"
EndProject
Project("{2150E333-8FDC-42A3-9474-1A3956D46DE8}") = "Task2", "Task2", "{62DBCD72-9ECA-46AC-ADB4-4B0F9C116A74}"
EndProject
Project("{FAE04EC0-301F-11D3-BF4B-00C04F79EFBC}") = "Tyuiu.SavitskyDA.Sprint1.Task2.V26", "Tyuiu.SavitskyDA.Sprint1.Task2.V26\Tyuiu.SavitskyDA.Sprint1.Task2.V26.csproj", "{5156E4A3-599E-4C0A-94AE-00A7987CC6AC}"
EndProject
Project("{FAE04EC0-301F-11D3-BF4B-00C04F79EFBC}") = "Tyuiu.SavitskyDA.Sprint1.Task2.V26.Lib", "Tyuiu.SavitskyDA.Sprint1.Task2.V26.Lib\Tyuiu.SavitskyDA.Sprint1.Task2.V26.Lib.csproj", "{2E8CEADE-9190-466B-B70B-2A05F11BA738}"
EndProject
Project("{FAE04EC0-301F-11D3-BF4B-00C04F79EFBC}") = "Tyuiu.SavitskyDA.Sprint1.Task2.V26.Test", "Tyuiu.SavitskyDA.Sprint1.Task2.V26.Test\Tyuiu.SavitskyDA.Sprint1.Task2.V26.Test.csproj", "{D6F033B2-4AC3-498B-8D7C-C8B7B3452FE9}"
EndProject
Project("{2150E333-8FDC-42A3-9474-1A3956D46DE8}") = "Task3", "Task3", "{B06764A4-14F3-4869-B178-9C2C98CB7CCD}"
EndProject
Project("{FAE04EC0-301F-11D3-BF4B-00C04F79EFBC}") = "Tyuiu.SavitskyDA.Sprint1.Task3.V1", "Tyuiu.SavitskyDA.Sprint1.Task3.V1\Tyuiu.SavitskyDA.Sprint1.Task3.V1.csproj", "{B9B58351-47F1-4151-9693-E1E6C38ECA8D}"
EndProject
Project("{FAE04EC0-301F-11D3-BF4B-00C04F79EFBC}") = "Tyuiu.SavitskyDA.Sprint1.Task3.V1.Lib", "Tyuiu.SavitskyDA.Sprint1.Task3.V1.Lib\Tyuiu.SavitskyDA.Sprint1.Task3.V1.Lib.csproj", "{E9B5057A-BFFA-4EC2-9329-FB3B8F4CFE62}"
EndProject
Project("{FAE04EC0-301F-11D3-BF4B-00C04F79EFBC}") = "Tyuiu.SavitskyDA.Sprint1.Task3.V1.Test", "Tyuiu.SavitskyDA.Sprint1.Task3.V1.Test\Tyuiu.SavitskyDA.Sprint1.Task3.V1.Test.csproj", "{139F8419-B7A6-4987-A98A-138261AAEC80}"
EndProject
Project("{2150E333-8FDC-42A3-9474-1A3956D46DE8}") = "Task4", "Task4", "{D1DEDEFE-505E-4962-A68F-29C9FB666C60}"
EndProject
Project("{FAE04EC0-301F-11D3-BF4B-00C04F79EFBC}") = "Tyuiu.SavitskyDA.Sprint1.Task4.V10", "Tyuiu.SavitskyDA.Sprint1.Task4.V10\Tyuiu.SavitskyDA.Sprint1.Task4.V10.csproj", "{753B0F75-87EA-44DD-A451-07AE05193E92}"
EndProject
Project("{FAE04EC0-301F-11D3-BF4B-00C04F79EFBC}") = "Tyuiu.SavitskyDA.Sprint1.Task4.V10.Lib", "Tyuiu.SavitskyDA.Sprint1.Task4.V10.Lib\Tyuiu.SavitskyDA.Sprint1.Task4.V10.Lib.csproj", "{F305914A-0D8F-4BA2-98B6-BE20DC571287}"
EndProject
Project("{FAE04EC0-301F-11D3-BF4B-00C04F79EFBC}") = "Tyuiu.SavitskyDA.Sprint1.Task4.V10.Test", "Tyuiu.SavitskyDA.Sprint1.Task4.V10.Test\Tyuiu.SavitskyDA.Sprint1.Task4.V10.Test.csproj", "{ABCB5159-3AE1-4D81-9F40-9E65D1C1CCAF}"
EndProject
Project("{2150E333-8FDC-42A3-9474-1A3956D46DE8}") = "Task5", "Task5", "{21E1285D-1CB2-4DF9-B257-081311353C28}"
EndProject
Project("{FAE04EC0-301F-11D3-BF4B-00C04F79EFBC}") = "Tyuiu.SavitskyDA.Sprint1.Task5.V3", "Tyuiu.SavitskyDA.Sprint1.Task5.V3\Tyuiu.SavitskyDA.Sprint1.Task5.V3.csproj", "{0F7F5DA6-502B-4F39-86D5-20D2E8D76017}"
EndProject
Project("{FAE04EC0-301F-11D3-BF4B-00C04F79EFBC}") = "Tyuiu.SavitskyDA.Sprint1.Task5.V3.Lib", "Tyuiu.SavitskyDA.Sprint1.Task5.V3.Lib\Tyuiu.SavitskyDA.Sprint1.Task5.V3.Lib.csproj", "{C0A6D8B7-57A2-478C-8B19-5AAC2C3D5FE2}"
EndProject
Project("{FAE04EC0-301F-11D3-BF4B-00C04F79EFBC}") = "Tyuiu.SavitskyDA.Sprint1.Task5.V3.Test", "Tyuiu.SavitskyDA.Sprint1.Task5.V3.Test\Tyuiu.SavitskyDA.Sprint1.Task5.V3.Test.csproj", "{A691290D-875A-4884-BEAD-3E035BC37EEA}"
EndProject
Global
	GlobalSection(SolutionConfigurationPlatforms) = preSolution
		Debug|Any CPU = Debug|Any CPU
		Release|Any CPU = Release|Any CPU
	EndGlobalSection
	GlobalSection(ProjectConfigurationPlatforms) = postSolution
		{18084F93-F9CA-4FF1-9751-F2E51D9AF13B}.Debug|Any CPU.ActiveCfg = Debug|Any CPU
		{18084F93-F9CA-4FF1-9751-F2E51D9AF13B}.Debug|Any CPU.Build.0 = Debug|Any CPU
		{18084F93-F9CA-4FF1-9751-F2E51D9AF13B}.Release|Any CPU.ActiveCfg = Release|Any CPU
		{18084F93-F9CA-4FF1-9751-F2E51D9AF13B}.Release|Any CPU.Build.0 = Release|Any CPU
		{86B3B751-5A1B-4207-968E-D6E614CB1361}.Debug|Any CPU.ActiveCfg = Debug|Any CPU
		{86B3B751-5A1B-4207-968E-D6E614CB1361}.Debug|Any CPU.Build.0 = Debug|Any CPU
		{86B3B751-5A1B-4207-968E-D6E614CB1361}.Release|Any CPU.ActiveCfg = Release|Any CPU
		{86B3B751-5A1B-4207-968E-D6E614CB1361}.Release|Any CPU.Build.0 = Release|Any CPU
		{3C142C1D-3DB6-4C4A-BAC7-DA24EE13CDD8}.Debug|Any CPU.ActiveCfg = Debug|Any CPU
		{3C142C1D-3DB6-4C4A-BAC7-DA24EE13CDD8}.Debug|Any CPU.Build.0 = Debug|Any CPU
		{3C142C1D-3DB6-4C4A-BAC7-DA24EE13CDD8}.Release|Any CPU.ActiveCfg = Release|Any CPU
		{3C142C1D-3DB6-4C4A-BAC7-DA24EE13CDD8}.Release|Any CPU.Build.0 = Release|Any CPU
		{2B892333-E948-45E7-A4C4-330CBF3A7180}.Debug|Any CPU.ActiveCfg = Debug|Any CPU
		{2B892333-E948-45E7-A4C4-330CBF3A7180}.Debug|Any CPU.Build.0 = Debug|Any CPU
		{2B892333-E948-45E7-A4C4-330CBF3A7180}.Release|Any CPU.ActiveCfg = Release|Any CPU
		{2B892333-E948-45E7-A4C4-330CBF3A7180}.Release|Any CPU.Build.0 = Release|Any CPU
		{6618B58A-E4F7-4D77-B578-8BCF6C6CCEFC}.Debug|Any CPU.ActiveCfg = Debug|Any CPU
		{6618B58A-E4F7-4D77-B578-8BCF6C6CCEFC}.Debug|Any CPU.Build.0 = Debug|Any CPU
		{6618B58A-E4F7-4D77-B578-8BCF6C6CCEFC}.Release|Any CPU.ActiveCfg = Release|Any CPU
		{6618B58A-E4F7-4D77-B578-8BCF6C6CCEFC}.Release|Any CPU.Build.0 = Release|Any CPU
		{873A1BB3-F37D-4B71-A7B9-25894E068123}.Debug|Any CPU.ActiveCfg = Debug|Any CPU
		{873A1BB3-F37D-4B71-A7B9-25894E068123}.Debug|Any CPU.Build.0 = Debug|Any CPU
		{873A1BB3-F37D-4B71-A7B9-25894E068123}.Release|Any CPU.ActiveCfg = Release|Any CPU
		{873A1BB3-F37D-4B71-A7B9-25894E068123}.Release|Any CPU.Build.0 = Release|Any CPU
		{FEA6CB18-A482-46B7-9B27-248DA29E650E}.Debug|Any CPU.ActiveCfg = Debug|Any CPU
		{FEA6CB18-A482-46B7-9B27-248DA29E650E}.Debug|Any CPU.Build.0 = Debug|Any CPU
		{FEA6CB18-A482-46B7-9B27-248DA29E650E}.Release|Any CPU.ActiveCfg = Release|Any CPU
		{FEA6CB18-A482-46B7-9B27-248DA29E650E}.Release|Any CPU.Build.0 = Release|Any CPU
		{7366D875-81C7-4A3B-9995-E2A7340F47DB}.Debug|Any CPU.ActiveCfg = Debug|Any CPU
		{7366D875-81C7-4A3B-9995-E2A7340F47DB}.Debug|Any CPU.Build.0 = Debug|Any CPU
		{7366D875-81C7-4A3B-9995-E2A7340F47DB}.Release|Any CPU.ActiveCfg = Release|Any CPU
		{7366D875-81C7-4A3B-9995-E2A7340F47DB}.Release|Any CPU.Build.0 = Release|Any CPU
		{D32B267C-E0BF-4838-956B-509594114E31}.Debug|Any CPU.ActiveCfg = Debug|Any CPU
		{D32B267C-E0BF-4838-956B-509594114E31}.Debug|Any CPU.Build.0 = Debug|Any CPU
		{D32B267C-E0BF-4838-956B-509594114E31}.Release|Any CPU.ActiveCfg = Release|Any CPU
		{D32B267C-E0BF-4838-956B-509594114E31}.Release|Any CPU.Build.0 = Release|Any CPU
		{5156E4A3-599E-4C0A-94AE-00A7987CC6AC}.Debug|Any CPU.ActiveCfg = Debug|Any CPU
		{5156E4A3-599E-4C0A-94AE-00A7987CC6AC}.Debug|Any CPU.Build.0 = Debug|Any CPU
		{5156E4A3-599E-4C0A-94AE-00A7987CC6AC}.Release|Any CPU.ActiveCfg = Release|Any CPU
		{5156E4A3-599E-4C0A-94AE-00A7987CC6AC}.Release|Any CPU.Build.0 = Release|Any CPU
		{2E8CEADE-9190-466B-B70B-2A05F11BA738}.Debug|Any CPU.ActiveCfg = Debug|Any CPU
		{2E8CEADE-9190-466B-B70B-2A05F11BA738}.Debug|Any CPU.Build.0 = Debug|Any CPU
		{2E8CEADE-9190-466B-B70B-2A05F11BA738}.Release|Any CPU.ActiveCfg = Release|Any CPU
		{2E8CEADE-9190-466B-B70B-2A05F11BA738}.Release|Any CPU.Build.0 = Release|Any CPU
		{D6F033B2-4AC3-498B-8D7C-C8B7B3452FE9}.Debug|Any CPU.ActiveCfg = Debug|Any CPU
		{D6F033B2-4AC3-498B-8D7C-C8B7B3452FE9}.Debug|Any CPU.Build.0 = Debug|Any CPU
		{D6F033B2-4AC3-498B-8D7C-C8B7B3452FE9}.Release|Any CPU.ActiveCfg = Release|Any CPU
		{D6F033B2-4AC3-498B-8D7C-C8B7B3452FE9}.Release|Any CPU.Build.0 = Release|Any CPU
		{B9B58351-47F1-4151-9693-E1E6C38ECA8D}.Debug|Any CPU.ActiveCfg = Debug|Any CPU
		{B9B58351-47F1-4151-9693-E1E6C38ECA8D}.Debug|Any CPU.Build.0 = Debug|Any CPU
		{B9B58351-47F1-4151-9693-E1E6C38ECA8D}.Release|Any CPU.ActiveCfg = Release|Any CPU
		{B9B58351-47F1-4151-9693-E1E6C38ECA8D}.Release|Any CPU.Build.0 = Release|Any CPU
		{E9B5057A-BFFA-4EC2-9329-FB3B8F4CFE62}.Debug|Any CPU.ActiveCfg = Debug|Any CPU
		{E9B5057A-BFFA-4EC2-9329-FB3B8F4CFE62}.Debug|Any CPU.Build.0 = Debug|Any CPU
		{E9B5057A-BFFA-4EC2-9329-FB3B8F4CFE62}.Release|Any CPU.ActiveCfg = Release|Any CPU
		{E9B5057A-BFFA-4EC2-9329-FB3B8F4CFE62}.Release|Any CPU.Build.0 = Release|Any CPU
		{139F8419-B7A6-4987-A98A-138261AAEC80}.Debug|Any CPU.ActiveCfg = Debug|Any CPU
		{139F8419-B7A6-4987-A98A-138261AAEC80}.Debug|Any CPU.Build.0 = Debug|Any CPU
		{139F8419-B7A6-4987-A98A-138261AAEC80}.Release|Any CPU.ActiveCfg = Release|Any CPU
		{139F8419-B7A6-4987-A98A-138261AAEC80}.Release|Any CPU.Build.0 = Release|Any CPU
		{753B0F75-87EA-44DD-A451-07AE05193E92}.Debug|Any CPU.ActiveCfg = Debug|Any CPU
		{753B0F75-87EA-44DD-A451-07AE05193E92}.Debug|Any CPU.Build.0 = Debug|Any CPU
		{753B0F75-87EA-44DD-A451-07AE05193E92}.Release|Any CPU.ActiveCfg = Release|Any CPU
		{753B0F75-87EA-44DD-A451-07AE05193E92}.Release|Any CPU.Build.0 = Release|Any CPU
		{F305914A-0D8F-4BA2-98B6-BE20DC571287}.Debug|Any CPU.ActiveCfg = Debug|Any CPU
		{F305914A-0D8F-4BA2-98B6-BE20DC571287}.Debug|Any CPU.Build.0 = Debug|Any CPU
		{F305914A-0D8F-4BA2-98B6-BE20DC571287}.Release|Any CPU.ActiveCfg = Release|Any CPU
		{F305914A-0D8F-4BA2-98B6-BE20DC571287}.Release|Any CPU.Build.0 = Release|Any CPU
		{ABCB5159-3AE1-4D81-9F40-9E65D1C1CCAF}.Debug|Any CPU.ActiveCfg = Debug|Any CPU
		{ABCB5159-3AE1-4D81-9F40-9E65D1C1CCAF}.Debug|Any CPU.Build.0 = Debug|Any CPU
		{ABCB5159-3AE1-4D81-9F40-9E65D1C1CCAF}.Release|Any CPU.ActiveCfg = Release|Any CPU
		{ABCB5159-3AE1-4D81-9F40-9E65D1C1CCAF}.Release|Any CPU.Build.0 = Release|Any CPU
		{0F7F5DA6-502B-4F39-86D5-20D2E8D76017}.Debug|Any CPU.ActiveCfg = Debug|Any CPU
		{0F7F5DA6-502B-4F39-86D5-20D2E8D76017}.Debug|Any CPU.Build.0 = Debug|Any CPU
		{0F7F5DA6-502B-4F39-86D5-20D2E8D76017}.Release|Any CPU.ActiveCfg = Release|Any CPU
		{0F7F5DA6-502B-4F39-86D5-20D2E8D76017}.Release|Any CPU.Build.0 = Release|Any CPU
		{C0A6D8B7-57A2-478C-8B19-5AAC2C3D5FE2}.Debug|Any CPU.ActiveCfg = Debug|Any CPU
		{C0A6D8B7-57A2-478C-8B19-5AAC2C3D5FE2}.Debug|Any CPU.Build.0 = Debug|Any CPU
		{C0A6D8B7-57A2-478C-8B19-5AAC2C3D5FE2}.Release|Any CPU.ActiveCfg = Release|Any CPU
		{C0A6D8B7-57A2-478C-8B19-5AAC2C3D5FE2}.Release|Any CPU.Build.0 = Release|Any CPU
		{A691290D-875A-4884-BEAD-3E035BC37EEA}.Debug|Any CPU.ActiveCfg = Debug|Any CPU
		{A691290D-875A-4884-BEAD-3E035BC37EEA}.Debug|Any CPU.Build.0 = Debug|Any CPU
		{A691290D-875A-4884-BEAD-3E035BC37EEA}.Release|Any CPU.ActiveCfg = Release|Any CPU
		{A691290D-875A-4884-BEAD-3E035BC37EEA}.Release|Any CPU.Build.0 = Release|Any CPU
	EndGlobalSection
	GlobalSection(SolutionProperties) = preSolution
		HideSolutionNode = FALSE
	EndGlobalSection
	GlobalSection(NestedProjects) = preSolution
		{18084F93-F9CA-4FF1-9751-F2E51D9AF13B} = {323846E3-3CD4-4988-8506-CAFB05F8DA9A}
		{86B3B751-5A1B-4207-968E-D6E614CB1361} = {323846E3-3CD4-4988-8506-CAFB05F8DA9A}
		{3C142C1D-3DB6-4C4A-BAC7-DA24EE13CDD8} = {323846E3-3CD4-4988-8506-CAFB05F8DA9A}
		{2B892333-E948-45E7-A4C4-330CBF3A7180} = {EA14FD03-415D-4042-B44E-CF690DAE1CBB}
		{6618B58A-E4F7-4D77-B578-8BCF6C6CCEFC} = {EA14FD03-415D-4042-B44E-CF690DAE1CBB}
		{873A1BB3-F37D-4B71-A7B9-25894E068123} = {EA14FD03-415D-4042-B44E-CF690DAE1CBB}
		{FEA6CB18-A482-46B7-9B27-248DA29E650E} = {EA14FD03-415D-4042-B44E-CF690DAE1CBB}
		{7366D875-81C7-4A3B-9995-E2A7340F47DB} = {EA14FD03-415D-4042-B44E-CF690DAE1CBB}
		{D32B267C-E0BF-4838-956B-509594114E31} = {EA14FD03-415D-4042-B44E-CF690DAE1CBB}
		{5156E4A3-599E-4C0A-94AE-00A7987CC6AC} = {62DBCD72-9ECA-46AC-ADB4-4B0F9C116A74}
		{2E8CEADE-9190-466B-B70B-2A05F11BA738} = {62DBCD72-9ECA-46AC-ADB4-4B0F9C116A74}
		{D6F033B2-4AC3-498B-8D7C-C8B7B3452FE9} = {62DBCD72-9ECA-46AC-ADB4-4B0F9C116A74}
		{B9B58351-47F1-4151-9693-E1E6C38ECA8D} = {B06764A4-14F3-4869-B178-9C2C98CB7CCD}
		{E9B5057A-BFFA-4EC2-9329-FB3B8F4CFE62} = {B06764A4-14F3-4869-B178-9C2C98CB7CCD}
		{139F8419-B7A6-4987-A98A-138261AAEC80} = {B06764A4-14F3-4869-B178-9C2C98CB7CCD}
		{753B0F75-87EA-44DD-A451-07AE05193E92} = {D1DEDEFE-505E-4962-A68F-29C9FB666C60}
		{F305914A-0D8F-4BA2-98B6-BE20DC571287} = {D1DEDEFE-505E-4962-A68F-29C9FB666C60}
		{ABCB5159-3AE1-4D81-9F40-9E65D1C1CCAF} = {D1DEDEFE-505E-4962-A68F-29C9FB666C60}
		{0F7F5DA6-502B-4F39-86D5-20D2E8D76017} = {21E1285D-1CB2-4DF9-B257-081311353C28}
		{C0A6D8B7-57A2-478C-8B19-5AAC2C3D5FE2} = {21E1285D-1CB2-4DF9-B257-081311353C28}
		{A691290D-875A-4884-BEAD-3E035BC37EEA} = {21E1285D-1CB2-4DF9-B257-081311353C28}
	EndGlobalSection
	GlobalSection(ExtensibilityGlobals) = postSolution
		SolutionGuid = {2453AD72-88B7-4D93-8969-53A8087B6C26}
	EndGlobalSection
EndGlobal
